
Microsoft Visual Studio Solution File, Format Version 12.00
# Visual Studio Version 17
VisualStudioVersion = 17.9.34723.18
MinimumVisualStudioVersion = 10.0.40219.1
Project("{FAE04EC0-301F-11D3-BF4B-00C04F79EFBC}") = "Social Network Connectivity", "Social Network Connectivity.csproj", "{4C7A37DA-5475-45EE-A744-03DD5D4972A0}"
EndProject
Global
	GlobalSection(SolutionConfigurationPlatforms) = preSolution
		Debug|Any CPU = Debug|Any CPU
		Release|Any CPU = Release|Any CPU
	EndGlobalSection
	GlobalSection(ProjectConfigurationPlatforms) = postSolution
		{4C7A37DA-5475-45EE-A744-03DD5D4972A0}.Debug|Any CPU.ActiveCfg = Debug|Any CPU
		{4C7A37DA-5475-45EE-A744-03DD5D4972A0}.Debug|Any CPU.Build.0 = Debug|Any CPU
		{4C7A37DA-5475-45EE-A744-03DD5D4972A0}.Release|Any CPU.ActiveCfg = Release|Any CPU
		{4C7A37DA-5475-45EE-A744-03DD5D4972A0}.Release|Any CPU.Build.0 = Release|Any CPU
	EndGlobalSection
	GlobalSection(SolutionProperties) = preSolution
		HideSolutionNode = FALSE
	EndGlobalSection
	GlobalSection(ExtensibilityGlobals) = postSolution
		SolutionGuid = {C2D904D2-90B3-4D20-B45A-29954F04F281}
	EndGlobalSection
EndGlobal
